Microsoft Visual Studio Solution File, Format Version 12.00
# Visual Studio Version 17
VisualStudioVersion = 17.0.31903.59
MinimumVisualStudioVersion = 10.0.40219.1
Project("{FAE04EC0-301F-11D3-BF4B-00C04F79EFBC}") = "UserAuthApp.API", "UserAuthApp.API\UserAuthApp.API.csproj", "{A1B2C3D4-E5F6-7890-ABCD-EF1234567890}"
EndProject
Project("{FAE04EC0-301F-11D3-BF4B-00C04F79EFBC}") = "UserAuthApp.Frontend", "UserAuthApp.Frontend\UserAuthApp.Frontend.csproj", "{F4256223-6F10-476D-9FA0-C1FEFA5ECB73}"
EndProject
Global
	GlobalSection(SolutionConfigurationPlatforms) = preSolution
		Debug|Any CPU = Debug|Any CPU
		Release|Any CPU = Release|Any CPU
	EndGlobalSection
	GlobalSection(ProjectConfigurationPlatforms) = postSolution
		{A1B2C3D4-E5F6-7890-ABCD-EF1234567890}.Debug|Any CPU.ActiveCfg = Debug|Any CPU
		{A1B2C3D4-E5F6-7890-ABCD-EF1234567890}.Debug|Any CPU.Build.0 = Debug|Any CPU
		{A1B2C3D4-E5F6-7890-ABCD-EF1234567890}.Release|Any CPU.ActiveCfg = Release|Any CPU
		{A1B2C3D4-E5F6-7890-ABCD-EF1234567890}.Release|Any CPU.Build.0 = Release|Any CPU
		{F4256223-6F10-476D-9FA0-C1FEFA5ECB73}.Debug|Any CPU.ActiveCfg = Debug|Any CPU
		{F4256223-6F10-476D-9FA0-C1FEFA5ECB73}.Debug|Any CPU.Build.0 = Debug|Any CPU
		{F4256223-6F10-476D-9FA0-C1FEFA5ECB73}.Release|Any CPU.ActiveCfg = Release|Any CPU
		{F4256223-6F10-476D-9FA0-C1FEFA5ECB73}.Release|Any CPU.Build.0 = Release|Any CPU
	EndGlobalSection
	GlobalSection(SolutionProperties) = preSolution
		HideSolutionNode = FALSE
	EndGlobalSection
	GlobalSection(ExtensibilityGlobals) = postSolution
		SolutionGuid = {24A6CD1E-1184-4A85-B01F-FE8F440BD153}
	EndGlobalSection
EndGlobal
